
Microsoft Visual Studio Solution File, Format Version 12.00
# Visual Studio Version 17
VisualStudioVersion = 17.3.32929.385
MinimumVisualStudioVersion = 10.0.40219.1
Project("{FAE04EC0-301F-11D3-BF4B-00C04F79EFBC}") = "Zadacha1", "Zadacha1\Zadacha1.csproj", "{2A480F2C-3417-4B30-BBFD-C537D781C8B8}"
EndProject
Project("{FAE04EC0-301F-11D3-BF4B-00C04F79EFBC}") = "Zadacha2", "Zadacha2\Zadacha2.csproj", "{54B51A74-FEC8-409C-93D7-4F4BBE114A43}"
EndProject
Project("{FAE04EC0-301F-11D3-BF4B-00C04F79EFBC}") = "Zadacha3", "Zadacha3\Zadacha3.csproj", "{650392A2-D013-41FE-8217-B4C58283613C}"
EndProject
Global
	GlobalSection(SolutionConfigurationPlatforms) = preSolution
		Debug|Any CPU = Debug|Any CPU
		Release|Any CPU = Release|Any CPU
	EndGlobalSection
	GlobalSection(ProjectConfigurationPlatforms) = postSolution
		{2A480F2C-3417-4B30-BBFD-C537D781C8B8}.Debug|Any CPU.ActiveCfg = Debug|Any CPU
		{2A480F2C-3417-4B30-BBFD-C537D781C8B8}.Debug|Any CPU.Build.0 = Debug|Any CPU
		{2A480F2C-3417-4B30-BBFD-C537D781C8B8}.Release|Any CPU.ActiveCfg = Release|Any CPU
		{2A480F2C-3417-4B30-BBFD-C537D781C8B8}.Release|Any CPU.Build.0 = Release|Any CPU
		{54B51A74-FEC8-409C-93D7-4F4BBE114A43}.Debug|Any CPU.ActiveCfg = Debug|Any CPU
		{54B51A74-FEC8-409C-93D7-4F4BBE114A43}.Debug|Any CPU.Build.0 = Debug|Any CPU
		{54B51A74-FEC8-409C-93D7-4F4BBE114A43}.Release|Any CPU.ActiveCfg = Release|Any CPU
		{54B51A74-FEC8-409C-93D7-4F4BBE114A43}.Release|Any CPU.Build.0 = Release|Any CPU
		{650392A2-D013-41FE-8217-B4C58283613C}.Debug|Any CPU.ActiveCfg = Debug|Any CPU
		{650392A2-D013-41FE-8217-B4C58283613C}.Debug|Any CPU.Build.0 = Debug|Any CPU
		{650392A2-D013-41FE-8217-B4C58283613C}.Release|Any CPU.ActiveCfg = Release|Any CPU
		{650392A2-D013-41FE-8217-B4C58283613C}.Release|Any CPU.Build.0 = Release|Any CPU
	EndGlobalSection
	GlobalSection(SolutionProperties) = preSolution
		HideSolutionNode = FALSE
	EndGlobalSection
	GlobalSection(ExtensibilityGlobals) = postSolution
		SolutionGuid = {580C9868-0BE1-443F-B782-404E9CEEF175}
	EndGlobalSection
EndGlobal
